<?xml version="1.0" encoding="UTF-8" standalone="yes" ?>
<CodeBlocks_project_file>
	<FileVersion major="1" minor="6" />
	<Project>
		<Option title="admintool" />
		<Option pch_mode="2" />
		<Option compiler="gcc" />
		<Build>
			<Target title="Debug">
				<Option output="bin/Debug/admintool" prefix_auto="1" extension_auto="1" />
				<Option object_output="obj/Debug/" />
				<Option type="1" />
				<Option compiler="gcc" />
				<Option use_console_runner="0" />
				<Compiler>
					<Add option="-Wmain" />
					<Add option="-Wextra" />
					<Add option="-Wall" />
					<Add option="-std=c++11" />
					<Add option="-std=c11" />
					<Add option="-g" />
					<Add option="-Isrc -Iinclude -Wall -Wextra -Winit-self -Wuninitialized -Wpointer-arith -Wcast-align -Wunreachable-code --ansi -Wpedantic -g -DDEBUG" />
				</Compiler>
			</Target>
			<Target title="Release">
				<Option output="bin/Release/admintool" prefix_auto="1" extension_auto="1" />
				<Option object_output="obj/Release/" />
				<Option type="1" />
				<Option compiler="gcc" />
				<Option use_console_runner="0" />
				<Compiler>
					<Add option="-Isrc -Iinclude -Wall -Wextra -Winit-self -Wuninitialized -Wpointer-arith -Wcast-align -Wunreachable-code --ansi -Wpedantic -O3" />
				</Compiler>
			</Target>
		</Build>
		<Compiler>
			<Add option="-Wall" />
			<Add option="-fexceptions" />
		</Compiler>
		<Unit filename="include/CSVParser.hpp" />
		<Unit filename="include/CSVWriter.hpp" />
		<Unit filename="include/defines.h" />
		<Unit filename="include/main.hpp" />
		<Unit filename="include/menu.hpp" />
		<Unit filename="include/user.hpp" />
		<Unit filename="include/userparser.hpp" />
		<Unit filename="res/schuler.csv" />
		<Unit filename="res/schuler.csv.clean" />
		<Unit filename="src/CSVParser.cpp" />
		<Unit filename="src/CSVWriter.cpp" />
		<Unit filename="src/main.cpp" />
		<Unit filename="src/menu.cpp" />
		<Unit filename="src/user.cpp" />
		<Unit filename="src/userparser.cpp" />
		<Extensions>
			<code_completion />
			<debugger />
		</Extensions>
	</Project>
</CodeBlocks_project_file>
